{
  "nodes": {
    "base16": {
      "inputs": {
        "fromYaml": "fromYaml"
      },
      "locked": {
        "lastModified": 1745523430,
        "narHash": "sha256-EAYWV+kXbwsH+8G/8UtmcunDeKwLwSOyfcmzZUkWE/c=",
        "owner": "SenchoPens",
        "repo": "base16.nix",
        "rev": "58bfe2553d937d8af0564f79d5b950afbef69717",
        "type": "github"
      },
      "original": {
        "owner": "SenchoPens",
        "repo": "base16.nix",
        "type": "github"
      }
    },
    "base16-schemes": {
      "flake": false,
      "locked": {
        "lastModified": 1744974599,
        "narHash": "sha256-Fg+rdGs5FAgfkYNCs74lnl8vkQmiZVdBsziyPhVqrlY=",
        "owner": "tinted-theming",
        "repo": "schemes",
        "rev": "28c26a621123ad4ebd5bbfb34ab39421c0144bdd",
        "type": "github"
      },
      "original": {
        "owner": "tinted-theming",
        "repo": "schemes",
        "type": "github"
      }
    },
    "base24-vscode-terminal": {
      "flake": false,
      "locked": {
        "lastModified": 1587233015,
        "narHash": "sha256-P8W5Doiu2XWlukabj9Wc/gDy/nr9HaWPevbGp3WWruM=",
        "owner": "Base24",
        "repo": "base24-vscode-terminal",
        "rev": "d81125802940682ad5f9f48e10649b9c46970415",
        "type": "github"
      },
      "original": {
        "owner": "Base24",
        "repo": "base24-vscode-terminal",
        "type": "github"
      }
    },
    "crane": {
      "locked": {
        "lastModified": 1741481578,
        "narHash": "sha256-JBTSyJFQdO3V8cgcL08VaBUByEU6P5kXbTJN6R0PFQo=",
        "owner": "ipetkov",
        "repo": "crane",
        "rev": "bb1c9567c43e4434f54e9481eb4b8e8e0d50f0b5",
        "type": "github"
      },
      "original": {
        "owner": "ipetkov",
        "repo": "crane",
        "type": "github"
      }
    },
    "crane_2": {
      "locked": {
        "lastModified": 1739936662,
        "narHash": "sha256-x4syUjNUuRblR07nDPeLDP7DpphaBVbUaSoeZkFbGSk=",
        "owner": "ipetkov",
        "repo": "crane",
        "rev": "19de14aaeb869287647d9461cbd389187d8ecdb7",
        "type": "github"
      },
      "original": {
        "owner": "ipetkov",
        "repo": "crane",
        "type": "github"
      }
    },
    "deploy-rs": {
      "inputs": {
        "flake-compat": [],
        "nixpkgs": [
          "nixpkgs"
        ],
        "utils": [
          "flake-utils"
        ]
      },
      "locked": {
        "lastModified": 1727447169,
        "narHash": "sha256-3KyjMPUKHkiWhwR91J1YchF6zb6gvckCAY1jOE+ne0U=",
        "owner": "serokell",
        "repo": "deploy-rs",
        "rev": "aa07eb05537d4cd025e2310397a6adcedfe72c76",
        "type": "github"
      },
      "original": {
        "owner": "serokell",
        "repo": "deploy-rs",
        "type": "github"
      }
    },
    "devshell": {
      "inputs": {
        "nixpkgs": [
          "nix-modules-private",
          "my-python-utils",
          "nixpkgs"
        ]
      },
      "locked": {
        "lastModified": 1728330715,
        "narHash": "sha256-xRJ2nPOXb//u1jaBnDP56M7v5ldavjbtR6lfGqSvcKg=",
        "owner": "numtide",
        "repo": "devshell",
        "rev": "dd6b80932022cea34a019e2bb32f6fa9e494dfef",
        "type": "github"
      },
      "original": {
        "owner": "numtide",
        "repo": "devshell",
        "type": "github"
      }
    },
    "devshell_2": {
      "inputs": {
        "nixpkgs": "nixpkgs_3"
      },
      "locked": {
        "lastModified": 1735644329,
        "narHash": "sha256-tO3HrHriyLvipc4xr+Ewtdlo7wM1OjXNjlWRgmM7peY=",
        "owner": "numtide",
        "repo": "devshell",
        "rev": "f7795ede5b02664b57035b3b757876703e2c3eac",
        "type": "github"
      },
      "original": {
        "owner": "numtide",
        "repo": "devshell",
        "type": "github"
      }
    },
    "flake-parts": {
      "inputs": {
        "nixpkgs-lib": [
          "nixpkgs"
        ]
      },
      "locked": {
        "lastModified": 1743550720,
        "narHash": "sha256-hIshGgKZCgWh6AYJpJmRgFdR3WUbkY04o82X05xqQiY=",
        "owner": "hercules-ci",
        "repo": "flake-parts",
        "rev": "c621e8422220273271f52058f618c94e405bb0f5",
        "type": "github"
      },
      "original": {
        "owner": "hercules-ci",
        "repo": "flake-parts",
        "type": "github"
      }
    },
    "flake-utils": {
      "inputs": {
        "systems": "systems"
      },
      "locked": {
        "lastModified": 1731533236,
        "narHash": "sha256-l0KFg5HjrsfsO/JpG+r7fRrqm12kzFHyUHqHCVpMMbI=",
        "owner": "numtide",
        "repo": "flake-utils",
        "rev": "11707dc2f618dd54ca8739b309ec4fc024de578b",
        "type": "github"
      },
      "original": {
        "owner": "numtide",
        "repo": "flake-utils",
        "type": "github"
      }
    },
    "flake-utils_2": {
      "inputs": {
        "systems": "systems_2"
      },
      "locked": {
        "lastModified": 1731533236,
        "narHash": "sha256-l0KFg5HjrsfsO/JpG+r7fRrqm12kzFHyUHqHCVpMMbI=",
        "owner": "numtide",
        "repo": "flake-utils",
        "rev": "11707dc2f618dd54ca8739b309ec4fc024de578b",
        "type": "github"
      },
      "original": {
        "owner": "numtide",
        "repo": "flake-utils",
        "type": "github"
      }
    },
    "fromYaml": {
      "flake": false,
      "locked": {
        "lastModified": 1731966426,
        "narHash": "sha256-lq95WydhbUTWig/JpqiB7oViTcHFP8Lv41IGtayokA8=",
        "owner": "SenchoPens",
        "repo": "fromYaml",
        "rev": "106af9e2f715e2d828df706c386a685698f3223b",
        "type": "github"
      },
      "original": {
        "owner": "SenchoPens",
        "repo": "fromYaml",
        "type": "github"
      }
    },
    "ghostty": {
      "inputs": {
        "flake-compat": [],
        "flake-utils": "flake-utils_2",
        "nixpkgs-stable": [
          "nixpkgs"
        ],
        "nixpkgs-unstable": [
          "nixpkgs-unstable"
        ],
        "zig": "zig",
        "zon2nix": "zon2nix"
      },
      "locked": {
        "lastModified": 1745607661,
        "narHash": "sha256-72OO+/vP4h7uiZ1gdGmFf1z+17NxCt8dhrRD+mltW44=",
        "owner": "ghostty-org",
        "repo": "ghostty",
        "rev": "38445dca2ac2af176c7f3b205d88d697cf8c89c8",
        "type": "github"
      },
      "original": {
        "owner": "ghostty-org",
        "ref": "refs/tags/tip",
        "repo": "ghostty",
        "type": "github"
      }
    },
    "git-hooks": {
      "inputs": {
        "flake-compat": [],
        "gitignore": "gitignore",
        "nixpkgs": [
          "nixpkgs"
        ]
      },
      "locked": {
        "lastModified": 1742649964,
        "narHash": "sha256-DwOTp7nvfi8mRfuL1escHDXabVXFGT1VlPD1JHrtrco=",
        "owner": "cachix",
        "repo": "git-hooks.nix",
        "rev": "dcf5072734cb576d2b0c59b2ac44f5050b5eac82",
        "type": "github"
      },
      "original": {
        "owner": "cachix",
        "repo": "git-hooks.nix",
        "type": "github"
      }
    },
    "gitignore": {
      "inputs": {
        "nixpkgs": [
          "git-hooks",
          "nixpkgs"
        ]
      },
      "locked": {
        "lastModified": 1709087332,
        "narHash": "sha256-HG2cCnktfHsKV0s4XW83gU3F57gaTljL9KNSuG6bnQs=",
        "owner": "hercules-ci",
        "repo": "gitignore.nix",
        "rev": "637db329424fd7e46cf4185293b9cc8c88c95394",
        "type": "github"
      },
      "original": {
        "owner": "hercules-ci",
        "repo": "gitignore.nix",
        "type": "github"
      }
    },
    "home-manager": {
      "inputs": {
        "nixpkgs": [
          "nixpkgs"
        ]
      },
      "locked": {
        "lastModified": 1745557122,
        "narHash": "sha256-eqSo9ugzsqhFgaDFYUZj943nurlX4L6f+AW0skJ4W+M=",
        "owner": "nix-community",
        "repo": "home-manager",
        "rev": "dd26f75fb4ec1c731d4b1396eaf4439ce40a91c1",
        "type": "github"
      },
      "original": {
        "owner": "nix-community",
        "ref": "release-24.11",
        "repo": "home-manager",
        "type": "github"
      }
    },
    "impermanence": {
      "locked": {
        "lastModified": 1737831083,
        "narHash": "sha256-LJggUHbpyeDvNagTUrdhe/pRVp4pnS6wVKALS782gRI=",
        "owner": "nix-community",
        "repo": "impermanence",
        "rev": "4b3e914cdf97a5b536a889e939fb2fd2b043a170",
        "type": "github"
      },
      "original": {
        "owner": "nix-community",
        "repo": "impermanence",
        "type": "github"
      }
    },
    "lanzaboote": {
      "inputs": {
        "crane": "crane",
        "flake-compat": [],
        "flake-parts": [
          "flake-parts"
        ],
        "nixpkgs": [
          "nixpkgs"
        ],
        "pre-commit-hooks-nix": [],
        "rust-overlay": [
          "rust-overlay"
        ]
      },
      "locked": {
        "lastModified": 1745271491,
        "narHash": "sha256-4GAHjus6JRpYHVROMIhFIz/sgLDF/klBM3UHulbSK9s=",
        "owner": "nix-community",
        "repo": "lanzaboote",
        "rev": "995637eb3ab78eac33f8ee6b45cc2ecd5ede12ba",
        "type": "github"
      },
      "original": {
        "owner": "nix-community",
        "repo": "lanzaboote",
        "type": "github"
      }
    },
    "microvm": {
      "inputs": {
        "flake-utils": [
          "flake-utils"
        ],
        "nixpkgs": [
          "nixpkgs"
        ],
        "spectrum": "spectrum"
      },
      "locked": {
        "lastModified": 1712366957,
        "narHash": "sha256-7W3D1Gk6mGlwtV07n6YB/7s3tThcBYknlvDPcoJJSe4=",
        "owner": "astro",
        "repo": "microvm.nix",
        "rev": "1e746a8987eb893adc8dd317b84e73d72803b650",
        "type": "github"
      },
      "original": {
        "owner": "astro",
        "ref": "refs/tags/v0.5.0",
        "repo": "microvm.nix",
        "type": "github"
      }
    },
    "my-python-utils": {
      "inputs": {
        "devshell": "devshell",
        "flake-parts": [
          "nix-modules-private",
          "flake-parts"
        ],
        "nixpkgs": [
          "nix-modules-private",
          "nixpkgs"
        ]
      },
      "locked": {
        "lastModified": 1745667088,
        "narHash": "sha256-Ujx+haY4cq1jY2/pKoA6QxxM6SKt958o9xaqCK85osE=",
        "ref": "refs/heads/main",
        "rev": "43f84c8f82d41e3cb94336e1122fa80ca5742745",
        "revCount": 25,
        "type": "git",
        "url": "ssh://git@github.com/hnjae/my-python-utils"
      },
      "original": {
        "type": "git",
        "url": "ssh://git@github.com/hnjae/my-python-utils"
      }
    },
    "neovim-configs": {
      "flake": false,
      "locked": {
        "lastModified": 1745587729,
        "narHash": "sha256-jXf5JYWlVSbdBOW1yCPXKKkfmFKsjJPJbvxc5qEl8cs=",
        "owner": "hnjae",
        "repo": "neovim-configs",
        "rev": "a8b93faa04be63f0656ee6bf5004d2e0089bc0af",
        "type": "github"
      },
      "original": {
        "owner": "hnjae",
        "repo": "neovim-configs",
        "type": "github"
      }
    },
    "nix-flatpak": {
      "locked": {
        "lastModified": 1730268921,
        "narHash": "sha256-XHe/8qOjlnPU9XkA7OH2lB4lfzCJ3/sTUBsID0R+q0o=",
        "owner": "hnjae",
        "repo": "nix-flatpak",
        "rev": "821c89593194a7c7656099cc022fb0c0159dd579",
        "type": "github"
      },
      "original": {
        "owner": "hnjae",
        "repo": "nix-flatpak",
        "type": "github"
      }
    },
    "nix-index-database": {
      "inputs": {
        "nixpkgs": [
          "nixpkgs-unstable"
        ]
      },
      "locked": {
        "lastModified": 1745725746,
        "narHash": "sha256-iR+idGZJ191cY6NBXyVjh9QH8GVWTkvZw/w+1Igy45A=",
        "owner": "nix-community",
        "repo": "nix-index-database",
        "rev": "187524713d0d9b2d2c6f688b81835114d4c2a7c6",
        "type": "github"
      },
      "original": {
        "owner": "nix-community",
        "repo": "nix-index-database",
        "type": "github"
      }
    },
    "nix-modules-private": {
      "inputs": {
        "flake-parts": [
          "flake-parts"
        ],
        "flake-utils": [
          "flake-utils"
        ],
        "my-python-utils": "my-python-utils",
        "nixpkgs": [
          "nixpkgs"
        ],
        "nixpkgs-unstable": [
          "nixpkgs-unstable"
        ],
        "sops-nix": [
          "sops-nix"
        ]
      },
      "locked": {
        "lastModified": 1745751123,
        "narHash": "sha256-Cy2AsHhRUTQ1OE98Wxhv9wZYF7AMD9GL/dGSmmvHUa0=",
        "path": "/home/hnjae/Projects/nix-modules-private",
        "type": "path"
      },
      "original": {
        "path": "/home/hnjae/Projects/nix-modules-private",
        "type": "path"
      }
    },
    "nix-web-app": {
      "locked": {
        "lastModified": 1724058237,
        "narHash": "sha256-ip5q25GnhHZO21UZCRM7cDRntSV/U+WMFMwRX/BDpzQ=",
        "owner": "hnjae",
        "repo": "nix-web-app",
        "rev": "4e269d75e1a6b7b1183715e7a8cd70a34a1d9626",
        "type": "github"
      },
      "original": {
        "owner": "hnjae",
        "repo": "nix-web-app",
        "type": "github"
      }
    },
    "nixos-hardware": {
      "locked": {
        "lastModified": 1745503349,
        "narHash": "sha256-bUGjvaPVsOfQeTz9/rLTNLDyqbzhl0CQtJJlhFPhIYw=",
        "owner": "NixOS",
        "repo": "nixos-hardware",
        "rev": "f7bee55a5e551bd8e7b5b82c9bc559bc50d868d1",
        "type": "github"
      },
      "original": {
        "owner": "NixOS",
        "ref": "master",
        "repo": "nixos-hardware",
        "type": "github"
      }
    },
    "nixpkgs": {
      "locked": {
        "lastModified": 1745487689,
        "narHash": "sha256-FQoi3R0NjQeBAsEOo49b5tbDPcJSMWc3QhhaIi9eddw=",
        "owner": "nixos",
        "repo": "nixpkgs",
        "rev": "5630cf13cceac06cefe9fc607e8dfa8fb342dde3",
        "type": "github"
      },
      "original": {
        "owner": "nixos",
        "ref": "nixos-24.11",
        "repo": "nixpkgs",
        "type": "github"
      }
    },
    "nixpkgs-mozilla": {
      "locked": {
        "lastModified": 1744624473,
        "narHash": "sha256-S6zT/w5SyAkJ//dYdjbrXgm+6Vkd/k7qqUl4WgZ6jjk=",
        "owner": "mozilla",
        "repo": "nixpkgs-mozilla",
        "rev": "2292d4b35aa854e312ad2e95c4bb5c293656f21a",
        "type": "github"
      },
      "original": {
        "owner": "mozilla",
        "repo": "nixpkgs-mozilla",
        "type": "github"
      }
    },
    "nixpkgs-unstable": {
      "locked": {
        "lastModified": 1745731301,
        "narHash": "sha256-2DZgcq2sylQuml+L6FOh8eWMoMGGbNHM7Ls56iBQPX0=",
        "owner": "nixos",
        "repo": "nixpkgs",
        "rev": "1ee8b713821882c66f5ecfde5c4e5874b1cb5e2f",
        "type": "github"
      },
      "original": {
        "owner": "nixos",
        "ref": "nixos-unstable-small",
        "repo": "nixpkgs",
        "type": "github"
      }
    },
    "nixpkgs_2": {
      "locked": {
        "lastModified": 1743429424,
        "narHash": "sha256-1aI8yCKuG1rOkUtOyQsvO+UxsgfGx4YREsTM7n/ZcCg=",
        "owner": "nixos",
        "repo": "nixpkgs",
        "rev": "d9d5f4b7972df076fe146bf1eb946f6e9df87231",
        "type": "github"
      },
      "original": {
        "owner": "nixos",
        "repo": "nixpkgs",
        "rev": "d9d5f4b7972df076fe146bf1eb946f6e9df87231",
        "type": "github"
      }
    },
    "nixpkgs_3": {
      "locked": {
        "lastModified": 1722073938,
        "narHash": "sha256-OpX0StkL8vpXyWOGUD6G+MA26wAXK6SpT94kLJXo6B4=",
        "owner": "NixOS",
        "repo": "nixpkgs",
        "rev": "e36e9f57337d0ff0cf77aceb58af4c805472bfae",
        "type": "github"
      },
      "original": {
        "owner": "NixOS",
        "ref": "nixpkgs-unstable",
        "repo": "nixpkgs",
        "type": "github"
      }
    },
    "nixvim": {
      "inputs": {
        "devshell": [],
        "flake-compat": [],
        "flake-parts": [
          "flake-parts"
        ],
        "git-hooks": [],
        "home-manager": [
          "home-manager"
        ],
        "nix-darwin": [],
        "nixpkgs": [
          "nixpkgs"
        ],
        "nuschtosSearch": [],
        "treefmt-nix": []
      },
      "locked": {
        "lastModified": 1745068593,
        "narHash": "sha256-YuQRMvqLVu+ghl2XzqXyVg/YevH/t3XHVCl7w+UrCH8=",
        "owner": "nix-community",
        "repo": "nixvim",
        "rev": "d35dc6dfcae3ff1a0c72f2d59491a7d83e5505a3",
        "type": "github"
      },
      "original": {
        "owner": "nix-community",
        "ref": "nixos-24.11",
        "repo": "nixvim",
        "type": "github"
      }
    },
    "nur": {
      "inputs": {
        "flake-parts": [
          "flake-parts"
        ],
        "nixpkgs": [
          "nixpkgs"
        ],
        "treefmt-nix": []
      },
      "locked": {
        "lastModified": 1745736061,
        "narHash": "sha256-gA9HCIzonTVGwcu2bOBfjzFQ6mBjV4AdBin9UQM6/8Q=",
        "owner": "nix-community",
        "repo": "NUR",
        "rev": "7d0c40252725500da49202571efc49990474334a",
        "type": "github"
      },
      "original": {
        "owner": "nix-community",
        "repo": "NUR",
        "type": "github"
      }
    },
    "py-utils": {
      "inputs": {
        "flake-parts": [
          "flake-parts"
        ],
        "nixpkgs": "nixpkgs_2",
        "treefmt-nix": []
      },
      "locked": {
        "lastModified": 1746253077,
        "narHash": "sha256-Vh8onAbViiBCkUcoeDoW4aEe8JToOGk7mLjUxDAlefU=",
        "path": "/home/hnjae/Projects/py-utils",
        "type": "path"
      },
      "original": {
        "path": "/home/hnjae/Projects/py-utils",
        "type": "path"
      }
    },
    "root": {
      "inputs": {
        "base16": "base16",
        "base16-schemes": "base16-schemes",
        "base24-vscode-terminal": "base24-vscode-terminal",
        "deploy-rs": "deploy-rs",
        "flake-parts": "flake-parts",
        "flake-utils": "flake-utils",
        "ghostty": "ghostty",
        "git-hooks": "git-hooks",
        "home-manager": "home-manager",
        "impermanence": "impermanence",
        "lanzaboote": "lanzaboote",
        "microvm": "microvm",
        "neovim-configs": "neovim-configs",
        "nix-flatpak": "nix-flatpak",
        "nix-index-database": "nix-index-database",
        "nix-modules-private": "nix-modules-private",
        "nix-web-app": "nix-web-app",
        "nixos-hardware": "nixos-hardware",
        "nixpkgs": "nixpkgs",
        "nixpkgs-mozilla": "nixpkgs-mozilla",
        "nixpkgs-unstable": "nixpkgs-unstable",
        "nixvim": "nixvim",
        "nur": "nur",
        "py-utils": "py-utils",
        "rust-overlay": "rust-overlay",
        "sops-nix": "sops-nix",
        "treefmt-nix": "treefmt-nix",
        "xremap": "xremap"
      }
    },
    "rust-overlay": {
      "inputs": {
        "nixpkgs": [
          "nixpkgs"
        ]
      },
      "locked": {
        "lastModified": 1745721366,
        "narHash": "sha256-dm93104HXjKWzkrr7yAPtxpbllOSzrwFFruc+rKQHSg=",
        "owner": "oxalica",
        "repo": "rust-overlay",
        "rev": "621131c9e281d1047bf8937547ed77e97c464aba",
        "type": "github"
      },
      "original": {
        "owner": "oxalica",
        "repo": "rust-overlay",
        "type": "github"
      }
    },
    "sops-nix": {
      "inputs": {
        "nixpkgs": [
          "nixpkgs"
        ]
      },
      "locked": {
        "lastModified": 1745310711,
        "narHash": "sha256-ePyTpKEJTgX0gvgNQWd7tQYQ3glIkbqcW778RpHlqgA=",
        "owner": "Mic92",
        "repo": "sops-nix",
        "rev": "5e3e92b16d6fdf9923425a8d4df7496b2434f39c",
        "type": "github"
      },
      "original": {
        "owner": "Mic92",
        "repo": "sops-nix",
        "type": "github"
      }
    },
    "spectrum": {
      "flake": false,
      "locked": {
        "lastModified": 1708358594,
        "narHash": "sha256-e71YOotu2FYA67HoC/voJDTFsiPpZNRwmiQb4f94OxQ=",
        "ref": "refs/heads/main",
        "rev": "6d0e73864d28794cdbd26ab7b37259ab0e1e044c",
        "revCount": 614,
        "type": "git",
        "url": "https://spectrum-os.org/git/spectrum"
      },
      "original": {
        "type": "git",
        "url": "https://spectrum-os.org/git/spectrum"
      }
    },
    "systems": {
      "locked": {
        "lastModified": 1681028828,
        "narHash": "sha256-Vy1rq5AaRuLzOxct8nz4T6wlgyUR7zLU309k9mBC768=",
        "owner": "nix-systems",
        "repo": "default",
        "rev": "da67096a3b9bf56a91d16901293e51ba5b49a27e",
        "type": "github"
      },
      "original": {
        "owner": "nix-systems",
        "repo": "default",
        "type": "github"
      }
    },
    "systems_2": {
      "locked": {
        "lastModified": 1681028828,
        "narHash": "sha256-Vy1rq5AaRuLzOxct8nz4T6wlgyUR7zLU309k9mBC768=",
        "owner": "nix-systems",
        "repo": "default",
        "rev": "da67096a3b9bf56a91d16901293e51ba5b49a27e",
        "type": "github"
      },
      "original": {
        "owner": "nix-systems",
        "repo": "default",
        "type": "github"
      }
    },
    "treefmt-nix": {
      "inputs": {
        "nixpkgs": [
          "nixpkgs"
        ]
      },
      "locked": {
        "lastModified": 1744961264,
        "narHash": "sha256-aRmUh0AMwcbdjJHnytg1e5h5ECcaWtIFQa6d9gI85AI=",
        "owner": "numtide",
        "repo": "treefmt-nix",
        "rev": "8d404a69efe76146368885110f29a2ca3700bee6",
        "type": "github"
      },
      "original": {
        "owner": "numtide",
        "repo": "treefmt-nix",
        "type": "github"
      }
    },
    "xremap": {
      "inputs": {
        "crane": "crane_2",
        "devshell": "devshell_2",
        "flake-parts": [
          "flake-parts"
        ],
        "home-manager": [],
        "hyprland": [],
        "nixpkgs": [
          "nixpkgs"
        ],
        "treefmt-nix": [
          "treefmt-nix"
        ],
        "xremap": "xremap_2"
      },
      "locked": {
        "lastModified": 1740526252,
        "narHash": "sha256-hxQ8diQaH0JQlGXlMxMXvKML0/Hog/SsMmE2xcPNC9k=",
        "owner": "xremap",
        "repo": "nix-flake",
        "rev": "1f58c5b73c21ddf4e351dcd6cce22afa2dc98a9b",
        "type": "github"
      },
      "original": {
        "owner": "xremap",
        "repo": "nix-flake",
        "type": "github"
      }
    },
    "xremap_2": {
      "flake": false,
      "locked": {
        "lastModified": 1740382937,
        "narHash": "sha256-PryH/3oABhrrzVWACNmvq4C4apmwiUcjhaHu2fKQR0g=",
        "owner": "k0kubun",
        "repo": "xremap",
        "rev": "ee04edd6d6ea7c1224f933f1199901b52452e5f4",
        "type": "github"
      },
      "original": {
        "owner": "k0kubun",
        "ref": "v0.10.7",
        "repo": "xremap",
        "type": "github"
      }
    },
    "zig": {
      "inputs": {
        "flake-compat": [
          "ghostty"
        ],
        "flake-utils": [
          "ghostty",
          "flake-utils"
        ],
        "nixpkgs": [
          "ghostty",
          "nixpkgs-stable"
        ]
      },
      "locked": {
        "lastModified": 1741825901,
        "narHash": "sha256-aeopo+aXg5I2IksOPFN79usw7AeimH1+tjfuMzJHFdk=",
        "owner": "mitchellh",
        "repo": "zig-overlay",
        "rev": "0b14285e283f5a747f372fb2931835dd937c4383",
        "type": "github"
      },
      "original": {
        "owner": "mitchellh",
        "repo": "zig-overlay",
        "type": "github"
      }
    },
    "zon2nix": {
      "inputs": {
        "flake-utils": [
          "ghostty",
          "flake-utils"
        ],
        "nixpkgs": [
          "ghostty",
          "nixpkgs-unstable"
        ]
      },
      "locked": {
        "lastModified": 1742104771,
        "narHash": "sha256-LhidlyEA9MP8jGe1rEnyjGFCzLLgCdDpYeWggibayr0=",
        "owner": "jcollie",
        "repo": "zon2nix",
        "rev": "56c159be489cc6c0e73c3930bd908ddc6fe89613",
        "type": "github"
      },
      "original": {
        "owner": "jcollie",
        "ref": "56c159be489cc6c0e73c3930bd908ddc6fe89613",
        "repo": "zon2nix",
        "type": "github"
      }
    }
  },
  "root": "root",
  "version": 7
}
