{
  "nodes": {
    "base16": {
      "inputs": {
        "fromYaml": "fromYaml"
      },
      "locked": {
        "lastModified": 1721224776,
        "narHash": "sha256-iakVQHg2DSmdOc5dNBwrDt9JLRxX5MT+IIbxfZEpGdo=",
        "owner": "SenchoPens",
        "repo": "base16.nix",
        "rev": "c89c8123310257f3ddc04cc59aa4b5573c6d515f",
        "type": "github"
      },
      "original": {
        "owner": "SenchoPens",
        "repo": "base16.nix",
        "type": "github"
      }
    },
    "base16-schemes": {
      "flake": false,
      "locked": {
        "lastModified": 1727294262,
        "narHash": "sha256-UCRGabAyj8+RFkKdSZBR8BPE6yLM3rPpdxXHmwd9rZ0=",
        "owner": "tinted-theming",
        "repo": "schemes",
        "rev": "b3273211d5d1510aee669083fc5a1e0e4b5e310c",
        "type": "github"
      },
      "original": {
        "owner": "tinted-theming",
        "repo": "schemes",
        "type": "github"
      }
    },
    "base24-kate": {
      "flake": false,
      "locked": {
        "lastModified": 1591727705,
        "narHash": "sha256-yKHFnxEoapwXRbbyykFytiuBumoab7pO5BXXXAI5GK0=",
        "owner": "Base24",
        "repo": "base24-kate",
        "rev": "992cfcabf53da19f00a4d5a90809a03bde09fd55",
        "type": "github"
      },
      "original": {
        "owner": "Base24",
        "repo": "base24-kate",
        "type": "github"
      }
    },
    "base24-kdeplasma": {
      "flake": false,
      "locked": {
        "lastModified": 1585773527,
        "narHash": "sha256-FdU/e7Q4XORjQ0yeuHxcCirXoM7BiJwYsUjfC9OFWbs=",
        "owner": "Base24",
        "repo": "base24-kdeplasma",
        "rev": "80a630cb18f47d45abb7ced6089a5a58972f26ae",
        "type": "github"
      },
      "original": {
        "owner": "Base24",
        "repo": "base24-kdeplasma",
        "type": "github"
      }
    },
    "base24-konsole": {
      "flake": false,
      "locked": {
        "lastModified": 1585773126,
        "narHash": "sha256-HKx+hoxw+WXtQF2sVGw0Fwfpp0q87g6b4zXfSKxvDO4=",
        "owner": "Base24",
        "repo": "base24-konsole",
        "rev": "c25b59f759b842c458f2f3de2d2ecb49ef80843a",
        "type": "github"
      },
      "original": {
        "owner": "Base24",
        "repo": "base24-konsole",
        "type": "github"
      }
    },
    "base24-vscode-terminal": {
      "flake": false,
      "locked": {
        "lastModified": 1587233015,
        "narHash": "sha256-P8W5Doiu2XWlukabj9Wc/gDy/nr9HaWPevbGp3WWruM=",
        "owner": "Base24",
        "repo": "base24-vscode-terminal",
        "rev": "d81125802940682ad5f9f48e10649b9c46970415",
        "type": "github"
      },
      "original": {
        "owner": "Base24",
        "repo": "base24-vscode-terminal",
        "type": "github"
      }
    },
    "cgitc": {
      "flake": false,
      "locked": {
        "lastModified": 1726428567,
        "narHash": "sha256-mb7fc8jA9GsGCuyrcKFYtmZSKGIMtZRdqnzgQrA2A+k=",
        "owner": "hnjae",
        "repo": "cgitc",
        "rev": "ab7e149dba1498657b4b992d1495df1e2578c181",
        "type": "github"
      },
      "original": {
        "owner": "hnjae",
        "repo": "cgitc",
        "type": "github"
      }
    },
    "devshell": {
      "inputs": {
        "nixpkgs": [
          "nixvim",
          "nixpkgs"
        ]
      },
      "locked": {
        "lastModified": 1728330715,
        "narHash": "sha256-xRJ2nPOXb//u1jaBnDP56M7v5ldavjbtR6lfGqSvcKg=",
        "owner": "numtide",
        "repo": "devshell",
        "rev": "dd6b80932022cea34a019e2bb32f6fa9e494dfef",
        "type": "github"
      },
      "original": {
        "owner": "numtide",
        "repo": "devshell",
        "type": "github"
      }
    },
    "flake-compat": {
      "flake": false,
      "locked": {
        "lastModified": 1696426674,
        "narHash": "sha256-kvjfFW7WAETZlt09AgDn1MrtKzP7t90Vf7vypd3OL1U=",
        "owner": "edolstra",
        "repo": "flake-compat",
        "rev": "0f9255e01c2351cc7d116c072cb317785dd33b33",
        "type": "github"
      },
      "original": {
        "owner": "edolstra",
        "repo": "flake-compat",
        "type": "github"
      }
    },
    "flake-parts": {
      "inputs": {
        "nixpkgs-lib": [
          "nixpkgs"
        ]
      },
      "locked": {
        "lastModified": 1730504689,
        "narHash": "sha256-hgmguH29K2fvs9szpq2r3pz2/8cJd2LPS+b4tfNFCwE=",
        "owner": "hercules-ci",
        "repo": "flake-parts",
        "rev": "506278e768c2a08bec68eb62932193e341f55c90",
        "type": "github"
      },
      "original": {
        "owner": "hercules-ci",
        "repo": "flake-parts",
        "type": "github"
      }
    },
    "flake-utils": {
      "inputs": {
        "systems": "systems"
      },
      "locked": {
        "lastModified": 1726560853,
        "narHash": "sha256-X6rJYSESBVr3hBoH0WbKE5KvhPU5bloyZ2L4K60/fPQ=",
        "owner": "numtide",
        "repo": "flake-utils",
        "rev": "c1dfcf08411b08f6b8615f7d8971a2bfa81d5e8a",
        "type": "github"
      },
      "original": {
        "owner": "numtide",
        "repo": "flake-utils",
        "type": "github"
      }
    },
    "fromYaml": {
      "flake": false,
      "locked": {
        "lastModified": 1721222302,
        "narHash": "sha256-5vL4w9+tS9yd8WpIiDUtxN1IuxCVK2nebZMs/hCXXis=",
        "owner": "SenchoPens",
        "repo": "fromYaml",
        "rev": "93bad85d1633b8b27287b438c0bd394094c24d06",
        "type": "github"
      },
      "original": {
        "owner": "SenchoPens",
        "repo": "fromYaml",
        "type": "github"
      }
    },
    "git-hooks": {
      "inputs": {
        "flake-compat": "flake-compat",
        "gitignore": "gitignore",
        "nixpkgs": [
          "nixvim",
          "nixpkgs"
        ],
        "nixpkgs-stable": [
          "nixvim",
          "nixpkgs"
        ]
      },
      "locked": {
        "lastModified": 1729104314,
        "narHash": "sha256-pZRZsq5oCdJt3upZIU4aslS9XwFJ+/nVtALHIciX/BI=",
        "owner": "cachix",
        "repo": "git-hooks.nix",
        "rev": "3c3e88f0f544d6bb54329832616af7eb971b6be6",
        "type": "github"
      },
      "original": {
        "owner": "cachix",
        "repo": "git-hooks.nix",
        "type": "github"
      }
    },
    "gitignore": {
      "inputs": {
        "nixpkgs": [
          "nixvim",
          "git-hooks",
          "nixpkgs"
        ]
      },
      "locked": {
        "lastModified": 1709087332,
        "narHash": "sha256-HG2cCnktfHsKV0s4XW83gU3F57gaTljL9KNSuG6bnQs=",
        "owner": "hercules-ci",
        "repo": "gitignore.nix",
        "rev": "637db329424fd7e46cf4185293b9cc8c88c95394",
        "type": "github"
      },
      "original": {
        "owner": "hercules-ci",
        "repo": "gitignore.nix",
        "type": "github"
      }
    },
    "home-manager": {
      "inputs": {
        "nixpkgs": [
          "nixpkgs"
        ]
      },
      "locked": {
        "lastModified": 1726989464,
        "narHash": "sha256-Vl+WVTJwutXkimwGprnEtXc/s/s8sMuXzqXaspIGlwM=",
        "owner": "nix-community",
        "repo": "home-manager",
        "rev": "2f23fa308a7c067e52dfcc30a0758f47043ec176",
        "type": "github"
      },
      "original": {
        "owner": "nix-community",
        "ref": "release-24.05",
        "repo": "home-manager",
        "type": "github"
      }
    },
    "impermanence": {
      "locked": {
        "lastModified": 1730403150,
        "narHash": "sha256-W1FH5aJ/GpRCOA7DXT/sJHFpa5r8sq2qAUncWwRZ3Gg=",
        "owner": "nix-community",
        "repo": "impermanence",
        "rev": "0d09341beeaa2367bac5d718df1404bf2ce45e6f",
        "type": "github"
      },
      "original": {
        "owner": "nix-community",
        "repo": "impermanence",
        "type": "github"
      }
    },
    "nix-darwin": {
      "inputs": {
        "nixpkgs": [
          "nixvim",
          "nixpkgs"
        ]
      },
      "locked": {
        "lastModified": 1729826725,
        "narHash": "sha256-w3WNlYxqWYsuzm/jgFPyhncduoDNjot28aC8j39TW0U=",
        "owner": "lnl7",
        "repo": "nix-darwin",
        "rev": "7840909b00fbd5a183008a6eb251ea307fe4a76e",
        "type": "github"
      },
      "original": {
        "owner": "lnl7",
        "repo": "nix-darwin",
        "type": "github"
      }
    },
    "nix-flatpak": {
      "locked": {
        "lastModified": 1730268279,
        "narHash": "sha256-sUxT12UeFDvH5NxDVX7WPqFbHKGqS56Qyrik16f+O9k=",
        "owner": "hnjae",
        "repo": "nix-flatpak",
        "rev": "fd25445a789aae458af8cb66844a3add6156860b",
        "type": "github"
      },
      "original": {
        "owner": "hnjae",
        "repo": "nix-flatpak",
        "type": "github"
      }
    },
    "nix-index-database": {
      "inputs": {
        "nixpkgs": [
          "nixpkgs-unstable"
        ]
      },
      "locked": {
        "lastModified": 1729999765,
        "narHash": "sha256-LYsavZXitFjjyETZoij8usXjTa7fa9AIF3Sk3MJSX+Y=",
        "owner": "nix-community",
        "repo": "nix-index-database",
        "rev": "0e3a8778c2ee218eff8de6aacf3d2fa6c33b2d4f",
        "type": "github"
      },
      "original": {
        "owner": "nix-community",
        "repo": "nix-index-database",
        "type": "github"
      }
    },
    "nix-web-app": {
      "locked": {
        "lastModified": 1724058237,
        "narHash": "sha256-ip5q25GnhHZO21UZCRM7cDRntSV/U+WMFMwRX/BDpzQ=",
        "ref": "refs/heads/main",
        "rev": "4e269d75e1a6b7b1183715e7a8cd70a34a1d9626",
        "revCount": 11,
        "type": "git",
        "url": "file:///home/hyunjae/Projects/nix-web-app"
      },
      "original": {
        "type": "git",
        "url": "file:///home/hyunjae/Projects/nix-web-app"
      }
    },
    "nixpkgs": {
      "locked": {
        "lastModified": 1730327045,
        "narHash": "sha256-xKel5kd1AbExymxoIfQ7pgcX6hjw9jCgbiBjiUfSVJ8=",
        "owner": "nixos",
        "repo": "nixpkgs",
        "rev": "080166c15633801df010977d9d7474b4a6c549d7",
        "type": "github"
      },
      "original": {
        "owner": "nixos",
        "ref": "nixos-24.05",
        "repo": "nixpkgs",
        "type": "github"
      }
    },
    "nixpkgs-mozilla": {
      "locked": {
        "lastModified": 1704373101,
        "narHash": "sha256-+gi59LRWRQmwROrmE1E2b3mtocwueCQqZ60CwLG+gbg=",
        "owner": "mozilla",
        "repo": "nixpkgs-mozilla",
        "rev": "9b11a87c0cc54e308fa83aac5b4ee1816d5418a2",
        "type": "github"
      },
      "original": {
        "owner": "mozilla",
        "repo": "nixpkgs-mozilla",
        "type": "github"
      }
    },
    "nixpkgs-unstable": {
      "locked": {
        "lastModified": 1729665710,
        "narHash": "sha256-AlcmCXJZPIlO5dmFzV3V2XF6x/OpNWUV8Y/FMPGd8Z4=",
        "owner": "nixos",
        "repo": "nixpkgs",
        "rev": "2768c7d042a37de65bb1b5b3268fc987e534c49d",
        "type": "github"
      },
      "original": {
        "owner": "nixos",
        "ref": "nixos-unstable",
        "repo": "nixpkgs",
        "type": "github"
      }
    },
    "nixvim": {
      "inputs": {
        "devshell": "devshell",
        "flake-compat": [
          "flake-compat"
        ],
        "flake-parts": [
          "flake-parts"
        ],
        "git-hooks": "git-hooks",
        "home-manager": [
          "home-manager"
        ],
        "nix-darwin": "nix-darwin",
        "nixpkgs": [
          "nixpkgs"
        ],
        "treefmt-nix": "treefmt-nix"
      },
      "locked": {
        "lastModified": 1729945968,
        "narHash": "sha256-4u+nbBSMuXWGCtXxUPPEflRm54+y/HLIbhIep9do8Ew=",
        "owner": "nix-community",
        "repo": "nixvim",
        "rev": "c05ac01070425ed0797b1ff678dc690c333cea74",
        "type": "github"
      },
      "original": {
        "owner": "nix-community",
        "ref": "nixos-24.05",
        "repo": "nixvim",
        "type": "github"
      }
    },
    "nur": {
      "locked": {
        "lastModified": 1729868220,
        "narHash": "sha256-OxHE1U+FIIaQ50nZpt/VxLH0bokiqsEqAshehlHhOFs=",
        "owner": "nix-community",
        "repo": "NUR",
        "rev": "70b30d23d33ca2acfb267430b08ddf82ff7116b2",
        "type": "github"
      },
      "original": {
        "owner": "nix-community",
        "repo": "NUR",
        "type": "github"
      }
    },
    "plasma-manager": {
      "inputs": {
        "home-manager": [
          "home-manager"
        ],
        "nixpkgs": [
          "nixpkgs"
        ]
      },
      "locked": {
        "lastModified": 1730481339,
        "narHash": "sha256-Y1yWhjt/38N5IMgWoGnUTzJ6F4kGnpti/l2AOJWPUOY=",
        "owner": "pjones",
        "repo": "plasma-manager",
        "rev": "6cb0aedf6160725eee50425b4e8d908c09dcb7a3",
        "type": "github"
      },
      "original": {
        "owner": "pjones",
        "ref": "trunk",
        "repo": "plasma-manager",
        "type": "github"
      }
    },
    "root": {
      "inputs": {
        "base16": "base16",
        "base16-schemes": "base16-schemes",
        "base24-kate": "base24-kate",
        "base24-kdeplasma": "base24-kdeplasma",
        "base24-konsole": "base24-konsole",
        "base24-vscode-terminal": "base24-vscode-terminal",
        "cgitc": "cgitc",
        "devshell": [
          "nixvim",
          "devshell"
        ],
        "flake-compat": [
          "git-hooks",
          "flake-compat"
        ],
        "flake-parts": "flake-parts",
        "flake-utils": "flake-utils",
        "git-hooks": [
          "nixvim",
          "git-hooks"
        ],
        "home-manager": "home-manager",
        "impermanence": "impermanence",
        "nix-flatpak": "nix-flatpak",
        "nix-index-database": "nix-index-database",
        "nix-web-app": "nix-web-app",
        "nixpkgs": "nixpkgs",
        "nixpkgs-mozilla": "nixpkgs-mozilla",
        "nixpkgs-unstable": "nixpkgs-unstable",
        "nixvim": "nixvim",
        "nur": "nur",
        "plasma-manager": "plasma-manager",
        "rust-overlay": "rust-overlay",
        "ww-run-raise": "ww-run-raise"
      }
    },
    "rust-overlay": {
      "inputs": {
        "nixpkgs": [
          "nixpkgs"
        ]
      },
      "locked": {
        "lastModified": 1730428392,
        "narHash": "sha256-2aRfq1P0usr+TlW9LUCoefqqpPum873ac0TgZzXYHKI=",
        "owner": "oxalica",
        "repo": "rust-overlay",
        "rev": "17eda17f5596a84e92ba94160139eb70f3c3e734",
        "type": "github"
      },
      "original": {
        "owner": "oxalica",
        "repo": "rust-overlay",
        "type": "github"
      }
    },
    "systems": {
      "locked": {
        "lastModified": 1681028828,
        "narHash": "sha256-Vy1rq5AaRuLzOxct8nz4T6wlgyUR7zLU309k9mBC768=",
        "owner": "nix-systems",
        "repo": "default",
        "rev": "da67096a3b9bf56a91d16901293e51ba5b49a27e",
        "type": "github"
      },
      "original": {
        "owner": "nix-systems",
        "repo": "default",
        "type": "github"
      }
    },
    "treefmt-nix": {
      "inputs": {
        "nixpkgs": [
          "nixvim",
          "nixpkgs"
        ]
      },
      "locked": {
        "lastModified": 1729613947,
        "narHash": "sha256-XGOvuIPW1XRfPgHtGYXd5MAmJzZtOuwlfKDgxX5KT3s=",
        "owner": "numtide",
        "repo": "treefmt-nix",
        "rev": "aac86347fb5063960eccb19493e0cadcdb4205ca",
        "type": "github"
      },
      "original": {
        "owner": "numtide",
        "repo": "treefmt-nix",
        "type": "github"
      }
    },
    "ww-run-raise": {
      "inputs": {
        "devshell": [
          "devshell"
        ],
        "flake-parts": [
          "flake-parts"
        ],
        "nixpkgs": [
          "nixpkgs"
        ]
      },
      "locked": {
        "lastModified": 1728632187,
        "narHash": "sha256-ElPY0xgBvkJTfuNAM/AmzrDjPMI5pAWY4BYlJr/dPng=",
        "owner": "hnjae",
        "repo": "ww-run-raise",
        "rev": "3bca139c7218b48484a38f4cee0ab49bdedca7d6",
        "type": "github"
      },
      "original": {
        "owner": "hnjae",
        "repo": "ww-run-raise",
        "type": "github"
      }
    }
  },
  "root": "root",
  "version": 7
}
